
Microsoft Visual Studio Solution File, Format Version 12.00
# Visual Studio 15
VisualStudioVersion = 15.0.27428.2011
MinimumVisualStudioVersion = 10.0.40219.1
Project("{FAE04EC0-301F-11D3-BF4B-00C04F79EFBC}") = "BookStoreV2", "BookStoreV2\BookStoreV2.csproj", "{2F718318-E8EF-4F28-92EF-8BF51A33ACC8}"
EndProject
Global
	GlobalSection(SolutionConfigurationPlatforms) = preSolution
		Debug|Any CPU = Debug|Any CPU
		Release|Any CPU = Release|Any CPU
	EndGlobalSection
	GlobalSection(ProjectConfigurationPlatforms) = postSolution
		{2F718318-E8EF-4F28-92EF-8BF51A33ACC8}.Debug|Any CPU.ActiveCfg = Debug|Any CPU
		{2F718318-E8EF-4F28-92EF-8BF51A33ACC8}.Debug|Any CPU.Build.0 = Debug|Any CPU
		{2F718318-E8EF-4F28-92EF-8BF51A33ACC8}.Release|Any CPU.ActiveCfg = Release|Any CPU
		{2F718318-E8EF-4F28-92EF-8BF51A33ACC8}.Release|Any CPU.Build.0 = Release|Any CPU
	EndGlobalSection
	GlobalSection(SolutionProperties) = preSolution
		HideSolutionNode = FALSE
	EndGlobalSection
	GlobalSection(ExtensibilityGlobals) = postSolution
		SolutionGuid = {1555D585-01EA-4C6B-87E3-F4967CB4088C}
	EndGlobalSection
EndGlobal
